
Microsoft Visual Studio Solution File, Format Version 11.00
# Visual C# Express 2010
Project("{FAE04EC0-301F-11D3-BF4B-00C04F79EFBC}") = "Minicalculator", "Minicalculator\Minicalculator.csproj", "{A998672D-640D-468D-9E97-AD45E9C781BB}"
EndProject
Global
	GlobalSection(SolutionConfigurationPlatforms) = preSolution
		Debug|x86 = Debug|x86
		Release|x86 = Release|x86
	EndGlobalSection
	GlobalSection(ProjectConfigurationPlatforms) = postSolution
		{A998672D-640D-468D-9E97-AD45E9C781BB}.Debug|x86.ActiveCfg = Debug|x86
		{A998672D-640D-468D-9E97-AD45E9C781BB}.Debug|x86.Build.0 = Debug|x86
		{A998672D-640D-468D-9E97-AD45E9C781BB}.Release|x86.ActiveCfg = Release|x86
		{A998672D-640D-468D-9E97-AD45E9C781BB}.Release|x86.Build.0 = Release|x86
	EndGlobalSection
	GlobalSection(SolutionProperties) = preSolution
		HideSolutionNode = FALSE
	EndGlobalSection
EndGlobal
